
Microsoft Visual Studio Solution File, Format Version 12.00
# Visual Studio Version 16
VisualStudioVersion = 16.0.33927.289
MinimumVisualStudioVersion = 10.0.40219.1
Project("{2150E333-8FDC-42A3-9474-1A3956D46DE8}") = "Task0", "Task0", "{F0E1729A-E0A2-487E-A6DB-33F53978CB86}"
EndProject
Project("{FAE04EC0-301F-11D3-BF4B-00C04F79EFBC}") = "Tyuiu.MorozAD.Sprint5.Task0.V26", "Tyuiu.MorozAD.Sprint5.Task0.V26\Tyuiu.MorozAD.Sprint5.Task0.V26.csproj", "{22519E68-CF3E-443A-ACEC-C4D68E26732B}"
EndProject
Project("{FAE04EC0-301F-11D3-BF4B-00C04F79EFBC}") = "Tyuiu.MorozAD.Sprint5.Task0.V26.Test", "Tyuiu.MorozAD.Sprint5.Task0.V26.Test\Tyuiu.MorozAD.Sprint5.Task0.V26.Test.csproj", "{5EB369E0-5F82-47C6-8548-4A4EE7D2EB23}"
EndProject
Project("{FAE04EC0-301F-11D3-BF4B-00C04F79EFBC}") = "Tyuiu.MorozAD.Sprint5.Task0.V26.Lib", "Tyuiu.MorozAD.Sprint5.Task0.V26.Lib\Tyuiu.MorozAD.Sprint5.Task0.V26.Lib.csproj", "{E8CA8498-8FDC-4454-88E4-C65E6BD97B8C}"
EndProject
Project("{2150E333-8FDC-42A3-9474-1A3956D46DE8}") = "Task1", "Task1", "{29472ADA-8B20-4DB4-9CCE-1CC0E2F33E8D}"
EndProject
Project("{FAE04EC0-301F-11D3-BF4B-00C04F79EFBC}") = "Tyuiu.MorozAD.Sprint5.Task1.V24", "Tyuiu.MorozAD.Sprint5.Task1.V24\Tyuiu.MorozAD.Sprint5.Task1.V24.csproj", "{40D8EB29-18EF-4DA5-B8CB-4A506FBA4437}"
EndProject
Project("{FAE04EC0-301F-11D3-BF4B-00C04F79EFBC}") = "Tyuiu.MorozAD.Sprint5.Task1.V24.Lib", "Tyuiu.MorozAD.Sprint5.Task1.V24.Lib\Tyuiu.MorozAD.Sprint5.Task1.V24.Lib.csproj", "{B5C4B936-B243-4CBE-AB4E-821921D47BC5}"
EndProject
Project("{FAE04EC0-301F-11D3-BF4B-00C04F79EFBC}") = "Tyuiu.MorozAD.Sprint5.Task1.V24.Test", "Tyuiu.MorozAD.Sprint5.Task1.V24.Test\Tyuiu.MorozAD.Sprint5.Task1.V24.Test.csproj", "{7C4AF3AA-3042-4DAD-BBA4-C3EDEFA0F87C}"
EndProject
Project("{2150E333-8FDC-42A3-9474-1A3956D46DE8}") = "Task2", "Task2", "{6C02B83A-B28B-486B-A32F-FFC882A262C5}"
EndProject
Project("{FAE04EC0-301F-11D3-BF4B-00C04F79EFBC}") = "Tyuiu.MorozAD.Sprint5.Task2.V10", "Tyuiu.MorozAD.Sprint5.Task2.V10\Tyuiu.MorozAD.Sprint5.Task2.V10.csproj", "{968B1BF9-C1B9-4ACF-AD8B-B150B3E7731D}"
EndProject
Project("{FAE04EC0-301F-11D3-BF4B-00C04F79EFBC}") = "Tyuiu.MorozAD.Sprint5.Task2.V10.Lib", "Tyuiu.MorozAD.Sprint5.Task2.V10.Lib\Tyuiu.MorozAD.Sprint5.Task2.V10.Lib.csproj", "{048EA6D4-A3E9-4493-AE08-69436C977815}"
EndProject
Project("{FAE04EC0-301F-11D3-BF4B-00C04F79EFBC}") = "Tyuiu.MorozAD.Sprint5.Task2.V10.Test", "Tyuiu.MorozAD.Sprint5.Task2.V10.Test\Tyuiu.MorozAD.Sprint5.Task2.V10.Test.csproj", "{496CE40E-CD65-4394-923C-09B4881F9C6E}"
EndProject
Project("{2150E333-8FDC-42A3-9474-1A3956D46DE8}") = "Task3", "Task3", "{6E1AEF6D-4546-4A10-A887-9CC4AB9E4045}"
EndProject
Project("{FAE04EC0-301F-11D3-BF4B-00C04F79EFBC}") = "Tyuiu.MorozAD.Sprint5.Task3.V6", "Tyuiu.MorozAD.Sprint5.Task3.V6\Tyuiu.MorozAD.Sprint5.Task3.V6.csproj", "{66106F28-DA50-4517-ABB7-6026894BB02A}"
EndProject
Project("{FAE04EC0-301F-11D3-BF4B-00C04F79EFBC}") = "Tyuiu.MorozAD.Sprint5.Task3.V6.Test", "Tyuiu.MorozAD.Sprint5.Task3.V6.Test\Tyuiu.MorozAD.Sprint5.Task3.V6.Test.csproj", "{BB385FCF-1942-4BB9-A2CA-F1B89FCF9E4B}"
EndProject
Project("{FAE04EC0-301F-11D3-BF4B-00C04F79EFBC}") = "Tyuiu.MorozAD.Sprint5.Task3.V6.Lib", "Tyuiu.MorozAD.Sprint5.Task3.V6.Lib\Tyuiu.MorozAD.Sprint5.Task3.V6.Lib.csproj", "{661835A4-D02E-483B-874D-657E26C5B677}"
EndProject
Project("{2150E333-8FDC-42A3-9474-1A3956D46DE8}") = "Task4", "Task4", "{54E81E58-189A-4289-BE76-2B3A3AF60AE8}"
EndProject
Project("{FAE04EC0-301F-11D3-BF4B-00C04F79EFBC}") = "Tyuiu.MorozAD.Sprint5.Task4.V27", "Tyuiu.MorozAD.Sprint5.Task4.V27\Tyuiu.MorozAD.Sprint5.Task4.V27.csproj", "{B27A590E-2110-4745-8D89-11C3F2E44388}"
EndProject
Project("{FAE04EC0-301F-11D3-BF4B-00C04F79EFBC}") = "Tyuiu.MorozAD.Sprint5.Task4.V27.Lib", "Tyuiu.MorozAD.Sprint5.Task4.V27.Lib\Tyuiu.MorozAD.Sprint5.Task4.V27.Lib.csproj", "{29EDD168-B5BA-46A1-95A5-D9767D146C48}"
EndProject
Project("{FAE04EC0-301F-11D3-BF4B-00C04F79EFBC}") = "Tyuiu.MorozAD.Sprint5.Task4.V27.Test", "Tyuiu.MorozAD.Sprint5.Task4.V27.Test\Tyuiu.MorozAD.Sprint5.Task4.V27.Test.csproj", "{B1D44A60-D3A2-4630-8356-CED51DFA065C}"
EndProject
Project("{2150E333-8FDC-42A3-9474-1A3956D46DE8}") = "Task5", "Task5", "{D1C29CC6-D1AF-4CCF-9C01-C782E568105F}"
EndProject
Project("{FAE04EC0-301F-11D3-BF4B-00C04F79EFBC}") = "Tyuiu.MorozAD.Sprint5.Task5.V11", "Tyuiu.MorozAD.Sprint5.Task5.V11\Tyuiu.MorozAD.Sprint5.Task5.V11.csproj", "{D1D6F2F6-7518-44D5-BB7B-D26FA2022AB2}"
EndProject
Project("{FAE04EC0-301F-11D3-BF4B-00C04F79EFBC}") = "Tyuiu.MorozAD.Sprint5.Task5.V11.Test", "Tyuiu.MorozAD.Sprint5.Task5.V11.Test\Tyuiu.MorozAD.Sprint5.Task5.V11.Test.csproj", "{DEED65F1-6DFC-4D78-B0F8-8A3BDE31FC9C}"
EndProject
Project("{FAE04EC0-301F-11D3-BF4B-00C04F79EFBC}") = "Tyuiu.MorozAD.Sprint5.Task5.V11.Lib", "Tyuiu.MorozAD.Sprint5.Task5.V11.Lib\Tyuiu.MorozAD.Sprint5.Task5.V11.Lib.csproj", "{1C7A1DBC-5EE5-4670-A211-81477AF6973A}"
EndProject
Global
	GlobalSection(SolutionConfigurationPlatforms) = preSolution
		Debug|Any CPU = Debug|Any CPU
		Release|Any CPU = Release|Any CPU
	EndGlobalSection
	GlobalSection(ProjectConfigurationPlatforms) = postSolution
		{22519E68-CF3E-443A-ACEC-C4D68E26732B}.Debug|Any CPU.ActiveCfg = Debug|Any CPU
		{22519E68-CF3E-443A-ACEC-C4D68E26732B}.Debug|Any CPU.Build.0 = Debug|Any CPU
		{22519E68-CF3E-443A-ACEC-C4D68E26732B}.Release|Any CPU.ActiveCfg = Release|Any CPU
		{22519E68-CF3E-443A-ACEC-C4D68E26732B}.Release|Any CPU.Build.0 = Release|Any CPU
		{5EB369E0-5F82-47C6-8548-4A4EE7D2EB23}.Debug|Any CPU.ActiveCfg = Debug|Any CPU
		{5EB369E0-5F82-47C6-8548-4A4EE7D2EB23}.Debug|Any CPU.Build.0 = Debug|Any CPU
		{5EB369E0-5F82-47C6-8548-4A4EE7D2EB23}.Release|Any CPU.ActiveCfg = Release|Any CPU
		{5EB369E0-5F82-47C6-8548-4A4EE7D2EB23}.Release|Any CPU.Build.0 = Release|Any CPU
		{E8CA8498-8FDC-4454-88E4-C65E6BD97B8C}.Debug|Any CPU.ActiveCfg = Debug|Any CPU
		{E8CA8498-8FDC-4454-88E4-C65E6BD97B8C}.Debug|Any CPU.Build.0 = Debug|Any CPU
		{E8CA8498-8FDC-4454-88E4-C65E6BD97B8C}.Release|Any CPU.ActiveCfg = Release|Any CPU
		{E8CA8498-8FDC-4454-88E4-C65E6BD97B8C}.Release|Any CPU.Build.0 = Release|Any CPU
		{40D8EB29-18EF-4DA5-B8CB-4A506FBA4437}.Debug|Any CPU.ActiveCfg = Debug|Any CPU
		{40D8EB29-18EF-4DA5-B8CB-4A506FBA4437}.Debug|Any CPU.Build.0 = Debug|Any CPU
		{40D8EB29-18EF-4DA5-B8CB-4A506FBA4437}.Release|Any CPU.ActiveCfg = Release|Any CPU
		{40D8EB29-18EF-4DA5-B8CB-4A506FBA4437}.Release|Any CPU.Build.0 = Release|Any CPU
		{B5C4B936-B243-4CBE-AB4E-821921D47BC5}.Debug|Any CPU.ActiveCfg = Debug|Any CPU
		{B5C4B936-B243-4CBE-AB4E-821921D47BC5}.Debug|Any CPU.Build.0 = Debug|Any CPU
		{B5C4B936-B243-4CBE-AB4E-821921D47BC5}.Release|Any CPU.ActiveCfg = Release|Any CPU
		{B5C4B936-B243-4CBE-AB4E-821921D47BC5}.Release|Any CPU.Build.0 = Release|Any CPU
		{7C4AF3AA-3042-4DAD-BBA4-C3EDEFA0F87C}.Debug|Any CPU.ActiveCfg = Debug|Any CPU
		{7C4AF3AA-3042-4DAD-BBA4-C3EDEFA0F87C}.Debug|Any CPU.Build.0 = Debug|Any CPU
		{7C4AF3AA-3042-4DAD-BBA4-C3EDEFA0F87C}.Release|Any CPU.ActiveCfg = Release|Any CPU
		{7C4AF3AA-3042-4DAD-BBA4-C3EDEFA0F87C}.Release|Any CPU.Build.0 = Release|Any CPU
		{968B1BF9-C1B9-4ACF-AD8B-B150B3E7731D}.Debug|Any CPU.ActiveCfg = Debug|Any CPU
		{968B1BF9-C1B9-4ACF-AD8B-B150B3E7731D}.Debug|Any CPU.Build.0 = Debug|Any CPU
		{968B1BF9-C1B9-4ACF-AD8B-B150B3E7731D}.Release|Any CPU.ActiveCfg = Release|Any CPU
		{968B1BF9-C1B9-4ACF-AD8B-B150B3E7731D}.Release|Any CPU.Build.0 = Release|Any CPU
		{048EA6D4-A3E9-4493-AE08-69436C977815}.Debug|Any CPU.ActiveCfg = Debug|Any CPU
		{048EA6D4-A3E9-4493-AE08-69436C977815}.Debug|Any CPU.Build.0 = Debug|Any CPU
		{048EA6D4-A3E9-4493-AE08-69436C977815}.Release|Any CPU.ActiveCfg = Release|Any CPU
		{048EA6D4-A3E9-4493-AE08-69436C977815}.Release|Any CPU.Build.0 = Release|Any CPU
		{496CE40E-CD65-4394-923C-09B4881F9C6E}.Debug|Any CPU.ActiveCfg = Debug|Any CPU
		{496CE40E-CD65-4394-923C-09B4881F9C6E}.Debug|Any CPU.Build.0 = Debug|Any CPU
		{496CE40E-CD65-4394-923C-09B4881F9C6E}.Release|Any CPU.ActiveCfg = Release|Any CPU
		{496CE40E-CD65-4394-923C-09B4881F9C6E}.Release|Any CPU.Build.0 = Release|Any CPU
		{66106F28-DA50-4517-ABB7-6026894BB02A}.Debug|Any CPU.ActiveCfg = Debug|Any CPU
		{66106F28-DA50-4517-ABB7-6026894BB02A}.Debug|Any CPU.Build.0 = Debug|Any CPU
		{66106F28-DA50-4517-ABB7-6026894BB02A}.Release|Any CPU.ActiveCfg = Release|Any CPU
		{66106F28-DA50-4517-ABB7-6026894BB02A}.Release|Any CPU.Build.0 = Release|Any CPU
		{BB385FCF-1942-4BB9-A2CA-F1B89FCF9E4B}.Debug|Any CPU.ActiveCfg = Debug|Any CPU
		{BB385FCF-1942-4BB9-A2CA-F1B89FCF9E4B}.Debug|Any CPU.Build.0 = Debug|Any CPU
		{BB385FCF-1942-4BB9-A2CA-F1B89FCF9E4B}.Release|Any CPU.ActiveCfg = Release|Any CPU
		{BB385FCF-1942-4BB9-A2CA-F1B89FCF9E4B}.Release|Any CPU.Build.0 = Release|Any CPU
		{661835A4-D02E-483B-874D-657E26C5B677}.Debug|Any CPU.ActiveCfg = Debug|Any CPU
		{661835A4-D02E-483B-874D-657E26C5B677}.Debug|Any CPU.Build.0 = Debug|Any CPU
		{661835A4-D02E-483B-874D-657E26C5B677}.Release|Any CPU.ActiveCfg = Release|Any CPU
		{661835A4-D02E-483B-874D-657E26C5B677}.Release|Any CPU.Build.0 = Release|Any CPU
		{B27A590E-2110-4745-8D89-11C3F2E44388}.Debug|Any CPU.ActiveCfg = Debug|Any CPU
		{B27A590E-2110-4745-8D89-11C3F2E44388}.Debug|Any CPU.Build.0 = Debug|Any CPU
		{B27A590E-2110-4745-8D89-11C3F2E44388}.Release|Any CPU.ActiveCfg = Release|Any CPU
		{B27A590E-2110-4745-8D89-11C3F2E44388}.Release|Any CPU.Build.0 = Release|Any CPU
		{29EDD168-B5BA-46A1-95A5-D9767D146C48}.Debug|Any CPU.ActiveCfg = Debug|Any CPU
		{29EDD168-B5BA-46A1-95A5-D9767D146C48}.Debug|Any CPU.Build.0 = Debug|Any CPU
		{29EDD168-B5BA-46A1-95A5-D9767D146C48}.Release|Any CPU.ActiveCfg = Release|Any CPU
		{29EDD168-B5BA-46A1-95A5-D9767D146C48}.Release|Any CPU.Build.0 = Release|Any CPU
		{B1D44A60-D3A2-4630-8356-CED51DFA065C}.Debug|Any CPU.ActiveCfg = Debug|Any CPU
		{B1D44A60-D3A2-4630-8356-CED51DFA065C}.Debug|Any CPU.Build.0 = Debug|Any CPU
		{B1D44A60-D3A2-4630-8356-CED51DFA065C}.Release|Any CPU.ActiveCfg = Release|Any CPU
		{B1D44A60-D3A2-4630-8356-CED51DFA065C}.Release|Any CPU.Build.0 = Release|Any CPU
		{D1D6F2F6-7518-44D5-BB7B-D26FA2022AB2}.Debug|Any CPU.ActiveCfg = Debug|Any CPU
		{D1D6F2F6-7518-44D5-BB7B-D26FA2022AB2}.Debug|Any CPU.Build.0 = Debug|Any CPU
		{D1D6F2F6-7518-44D5-BB7B-D26FA2022AB2}.Release|Any CPU.ActiveCfg = Release|Any CPU
		{D1D6F2F6-7518-44D5-BB7B-D26FA2022AB2}.Release|Any CPU.Build.0 = Release|Any CPU
		{DEED65F1-6DFC-4D78-B0F8-8A3BDE31FC9C}.Debug|Any CPU.ActiveCfg = Debug|Any CPU
		{DEED65F1-6DFC-4D78-B0F8-8A3BDE31FC9C}.Debug|Any CPU.Build.0 = Debug|Any CPU
		{DEED65F1-6DFC-4D78-B0F8-8A3BDE31FC9C}.Release|Any CPU.ActiveCfg = Release|Any CPU
		{DEED65F1-6DFC-4D78-B0F8-8A3BDE31FC9C}.Release|Any CPU.Build.0 = Release|Any CPU
		{1C7A1DBC-5EE5-4670-A211-81477AF6973A}.Debug|Any CPU.ActiveCfg = Debug|Any CPU
		{1C7A1DBC-5EE5-4670-A211-81477AF6973A}.Debug|Any CPU.Build.0 = Debug|Any CPU
		{1C7A1DBC-5EE5-4670-A211-81477AF6973A}.Release|Any CPU.ActiveCfg = Release|Any CPU
		{1C7A1DBC-5EE5-4670-A211-81477AF6973A}.Release|Any CPU.Build.0 = Release|Any CPU
	EndGlobalSection
	GlobalSection(SolutionProperties) = preSolution
		HideSolutionNode = FALSE
	EndGlobalSection
	GlobalSection(NestedProjects) = preSolution
		{22519E68-CF3E-443A-ACEC-C4D68E26732B} = {F0E1729A-E0A2-487E-A6DB-33F53978CB86}
		{5EB369E0-5F82-47C6-8548-4A4EE7D2EB23} = {F0E1729A-E0A2-487E-A6DB-33F53978CB86}
		{E8CA8498-8FDC-4454-88E4-C65E6BD97B8C} = {F0E1729A-E0A2-487E-A6DB-33F53978CB86}
		{40D8EB29-18EF-4DA5-B8CB-4A506FBA4437} = {29472ADA-8B20-4DB4-9CCE-1CC0E2F33E8D}
		{B5C4B936-B243-4CBE-AB4E-821921D47BC5} = {29472ADA-8B20-4DB4-9CCE-1CC0E2F33E8D}
		{7C4AF3AA-3042-4DAD-BBA4-C3EDEFA0F87C} = {29472ADA-8B20-4DB4-9CCE-1CC0E2F33E8D}
		{968B1BF9-C1B9-4ACF-AD8B-B150B3E7731D} = {6C02B83A-B28B-486B-A32F-FFC882A262C5}
		{048EA6D4-A3E9-4493-AE08-69436C977815} = {6C02B83A-B28B-486B-A32F-FFC882A262C5}
		{496CE40E-CD65-4394-923C-09B4881F9C6E} = {6C02B83A-B28B-486B-A32F-FFC882A262C5}
		{66106F28-DA50-4517-ABB7-6026894BB02A} = {6E1AEF6D-4546-4A10-A887-9CC4AB9E4045}
		{BB385FCF-1942-4BB9-A2CA-F1B89FCF9E4B} = {6E1AEF6D-4546-4A10-A887-9CC4AB9E4045}
		{661835A4-D02E-483B-874D-657E26C5B677} = {6E1AEF6D-4546-4A10-A887-9CC4AB9E4045}
		{B27A590E-2110-4745-8D89-11C3F2E44388} = {54E81E58-189A-4289-BE76-2B3A3AF60AE8}
		{29EDD168-B5BA-46A1-95A5-D9767D146C48} = {54E81E58-189A-4289-BE76-2B3A3AF60AE8}
		{B1D44A60-D3A2-4630-8356-CED51DFA065C} = {54E81E58-189A-4289-BE76-2B3A3AF60AE8}
		{D1D6F2F6-7518-44D5-BB7B-D26FA2022AB2} = {D1C29CC6-D1AF-4CCF-9C01-C782E568105F}
		{DEED65F1-6DFC-4D78-B0F8-8A3BDE31FC9C} = {D1C29CC6-D1AF-4CCF-9C01-C782E568105F}
		{1C7A1DBC-5EE5-4670-A211-81477AF6973A} = {D1C29CC6-D1AF-4CCF-9C01-C782E568105F}
	EndGlobalSection
	GlobalSection(ExtensibilityGlobals) = postSolution
		SolutionGuid = {38A5A80A-1980-4B51-BBF6-B36B1B552525}
	EndGlobalSection
EndGlobal
